
Microsoft Visual Studio Solution File, Format Version 12.00
# Visual Studio Version 17
VisualStudioVersion = 17.14.36518.9
MinimumVisualStudioVersion = 10.0.40219.1
Project("{FAE04EC0-301F-11D3-BF4B-00C04F79EFBC}") = "CMS.Data", "CMS.Data\CMS.Data.csproj", "{5FABC39E-69EC-4486-9433-6F4CF2E8317A}"
EndProject
Project("{FAE04EC0-301F-11D3-BF4B-00C04F79EFBC}") = "CMS.Backend", "CMS.Backend\CMS.Backend.csproj", "{1F05E352-10C7-4D3C-ABAB-DED9303C0648}"
EndProject
Project("{E24C65DC-7377-472B-9ABA-BC803B73C61A}") = "cms.frontend", "cms.frontend\", "{BFC96697-7D92-84DD-AB7A-313652811C56}"
	ProjectSection(WebsiteProperties) = preProject
		TargetFrameworkMoniker = ".NETFramework,Version%3Dv4.8"
		Debug.AspNetCompiler.VirtualPath = "/localhost_50739"
		Debug.AspNetCompiler.PhysicalPath = "cms.frontend\"
		Debug.AspNetCompiler.TargetPath = "PrecompiledWeb\localhost_50739\"
		Debug.AspNetCompiler.Updateable = "true"
		Debug.AspNetCompiler.ForceOverwrite = "true"
		Debug.AspNetCompiler.FixedNames = "false"
		Debug.AspNetCompiler.Debug = "True"
		Release.AspNetCompiler.VirtualPath = "/localhost_50739"
		Release.AspNetCompiler.PhysicalPath = "cms.frontend\"
		Release.AspNetCompiler.TargetPath = "PrecompiledWeb\localhost_50739\"
		Release.AspNetCompiler.Updateable = "true"
		Release.AspNetCompiler.ForceOverwrite = "true"
		Release.AspNetCompiler.FixedNames = "false"
		Release.AspNetCompiler.Debug = "False"
		VWDPort = "50739"
		SlnRelativePath = "cms.frontend\"
	EndProjectSection
EndProject
Global
	GlobalSection(SolutionConfigurationPlatforms) = preSolution
		Debug|Any CPU = Debug|Any CPU
		Release|Any CPU = Release|Any CPU
	EndGlobalSection
	GlobalSection(ProjectConfigurationPlatforms) = postSolution
		{5FABC39E-69EC-4486-9433-6F4CF2E8317A}.Debug|Any CPU.ActiveCfg = Debug|Any CPU
		{5FABC39E-69EC-4486-9433-6F4CF2E8317A}.Debug|Any CPU.Build.0 = Debug|Any CPU
		{5FABC39E-69EC-4486-9433-6F4CF2E8317A}.Release|Any CPU.ActiveCfg = Release|Any CPU
		{5FABC39E-69EC-4486-9433-6F4CF2E8317A}.Release|Any CPU.Build.0 = Release|Any CPU
		{1F05E352-10C7-4D3C-ABAB-DED9303C0648}.Debug|Any CPU.ActiveCfg = Debug|Any CPU
		{1F05E352-10C7-4D3C-ABAB-DED9303C0648}.Debug|Any CPU.Build.0 = Debug|Any CPU
		{1F05E352-10C7-4D3C-ABAB-DED9303C0648}.Release|Any CPU.ActiveCfg = Release|Any CPU
		{1F05E352-10C7-4D3C-ABAB-DED9303C0648}.Release|Any CPU.Build.0 = Release|Any CPU
		{BFC96697-7D92-84DD-AB7A-313652811C56}.Debug|Any CPU.ActiveCfg = Debug|Any CPU
		{BFC96697-7D92-84DD-AB7A-313652811C56}.Debug|Any CPU.Build.0 = Debug|Any CPU
		{BFC96697-7D92-84DD-AB7A-313652811C56}.Release|Any CPU.ActiveCfg = Debug|Any CPU
		{BFC96697-7D92-84DD-AB7A-313652811C56}.Release|Any CPU.Build.0 = Debug|Any CPU
	EndGlobalSection
	GlobalSection(SolutionProperties) = preSolution
		HideSolutionNode = FALSE
	EndGlobalSection
	GlobalSection(ExtensibilityGlobals) = postSolution
		SolutionGuid = {CF0CE455-A0AB-4E74-8ECA-C0E5D222CD76}
	EndGlobalSection
EndGlobal
